
Microsoft Visual Studio Solution File, Format Version 12.00
# Visual Studio Version 17
VisualStudioVersion = 17.9.34701.34
MinimumVisualStudioVersion = 10.0.40219.1
Project("{FAE04EC0-301F-11D3-BF4B-00C04F79EFBC}") = "DA-MusicApp", "DA-MusicApp.csproj", "{FBE18E7F-7ADA-49D3-98F3-17AA34A52A99}"
EndProject
Global
	GlobalSection(SolutionConfigurationPlatforms) = preSolution
		Debug|Any CPU = Debug|Any CPU
		Release|Any CPU = Release|Any CPU
	EndGlobalSection
	GlobalSection(ProjectConfigurationPlatforms) = postSolution
		{FBE18E7F-7ADA-49D3-98F3-17AA34A52A99}.Debug|Any CPU.ActiveCfg = Debug|Any CPU
		{FBE18E7F-7ADA-49D3-98F3-17AA34A52A99}.Debug|Any CPU.Build.0 = Debug|Any CPU
		{FBE18E7F-7ADA-49D3-98F3-17AA34A52A99}.Release|Any CPU.ActiveCfg = Release|Any CPU
		{FBE18E7F-7ADA-49D3-98F3-17AA34A52A99}.Release|Any CPU.Build.0 = Release|Any CPU
	EndGlobalSection
	GlobalSection(SolutionProperties) = preSolution
		HideSolutionNode = FALSE
	EndGlobalSection
	GlobalSection(ExtensibilityGlobals) = postSolution
		SolutionGuid = {DA4E7388-A35E-4B16-9987-4B4BF63F45A5}
	EndGlobalSection
EndGlobal
